
Microsoft Visual Studio Solution File, Format Version 12.00
# Visual Studio Version 16
VisualStudioVersion = 16.0.33801.447
MinimumVisualStudioVersion = 10.0.40219.1
Project("{FAE04EC0-301F-11D3-BF4B-00C04F79EFBC}") = "GursagarBookStore", "GursagarBookStore\GursagarBookStore.csproj", "{042D7671-35C6-4FE1-B579-E933A0D9DCA8}"
EndProject
Global
	GlobalSection(SolutionConfigurationPlatforms) = preSolution
		Debug|Any CPU = Debug|Any CPU
		Release|Any CPU = Release|Any CPU
	EndGlobalSection
	GlobalSection(ProjectConfigurationPlatforms) = postSolution
		{042D7671-35C6-4FE1-B579-E933A0D9DCA8}.Debug|Any CPU.ActiveCfg = Debug|Any CPU
		{042D7671-35C6-4FE1-B579-E933A0D9DCA8}.Debug|Any CPU.Build.0 = Debug|Any CPU
		{042D7671-35C6-4FE1-B579-E933A0D9DCA8}.Release|Any CPU.ActiveCfg = Release|Any CPU
		{042D7671-35C6-4FE1-B579-E933A0D9DCA8}.Release|Any CPU.Build.0 = Release|Any CPU
	EndGlobalSection
	GlobalSection(SolutionProperties) = preSolution
		HideSolutionNode = FALSE
	EndGlobalSection
	GlobalSection(ExtensibilityGlobals) = postSolution
		SolutionGuid = {ACB25730-6E0D-49B8-830E-CD6579137E65}
	EndGlobalSection
EndGlobal
